
Microsoft Visual Studio Solution File, Format Version 12.00
# Visual Studio Version 17
VisualStudioVersion = 17.9.34701.34
MinimumVisualStudioVersion = 10.0.40219.1
Project("{FAE04EC0-301F-11D3-BF4B-00C04F79EFBC}") = "DispatcherDotNet.Run8.CustomInputClient", "DispatcherDotNet.Run8.CustomInputClient\DispatcherDotNet.Run8.CustomInputClient.csproj", "{A2709C30-E3B7-4D16-89B1-B64EF36C72D7}"
EndProject
Project("{FAE04EC0-301F-11D3-BF4B-00C04F79EFBC}") = "DispatcherDotNet.Run8.CustomInputClient.Tests", "DispatcherDotNet.Run8.CustomInputClient.Tests\DispatcherDotNet.Run8.CustomInputClient.Tests.csproj", "{0DB468F3-883C-421B-B1B4-EA9C995D63B5}"
EndProject
Global
	GlobalSection(SolutionConfigurationPlatforms) = preSolution
		Debug|Any CPU = Debug|Any CPU
		Release|Any CPU = Release|Any CPU
	EndGlobalSection
	GlobalSection(ProjectConfigurationPlatforms) = postSolution
		{A2709C30-E3B7-4D16-89B1-B64EF36C72D7}.Debug|Any CPU.ActiveCfg = Debug|Any CPU
		{A2709C30-E3B7-4D16-89B1-B64EF36C72D7}.Debug|Any CPU.Build.0 = Debug|Any CPU
		{A2709C30-E3B7-4D16-89B1-B64EF36C72D7}.Release|Any CPU.ActiveCfg = Release|Any CPU
		{A2709C30-E3B7-4D16-89B1-B64EF36C72D7}.Release|Any CPU.Build.0 = Release|Any CPU
		{0DB468F3-883C-421B-B1B4-EA9C995D63B5}.Debug|Any CPU.ActiveCfg = Debug|Any CPU
		{0DB468F3-883C-421B-B1B4-EA9C995D63B5}.Debug|Any CPU.Build.0 = Debug|Any CPU
		{0DB468F3-883C-421B-B1B4-EA9C995D63B5}.Release|Any CPU.ActiveCfg = Release|Any CPU
		{0DB468F3-883C-421B-B1B4-EA9C995D63B5}.Release|Any CPU.Build.0 = Release|Any CPU
	EndGlobalSection
	GlobalSection(SolutionProperties) = preSolution
		HideSolutionNode = FALSE
	EndGlobalSection
	GlobalSection(ExtensibilityGlobals) = postSolution
		SolutionGuid = {6901D505-B091-4DB3-B005-5CB5904E2957}
	EndGlobalSection
EndGlobal
